
Microsoft Visual Studio Solution File, Format Version 12.00
# Visual Studio Version 17
VisualStudioVersion = 17.4.33122.133
MinimumVisualStudioVersion = 10.0.40219.1
Project("{FAE04EC0-301F-11D3-BF4B-00C04F79EFBC}") = "WebTest_Assesment", "WebTest_Assesment\WebTest_Assesment.csproj", "{69DB0061-FF1C-4154-A74D-03D5F3A0B068}"
EndProject
Global
	GlobalSection(SolutionConfigurationPlatforms) = preSolution
		Debug|Any CPU = Debug|Any CPU
		Release|Any CPU = Release|Any CPU
	EndGlobalSection
	GlobalSection(ProjectConfigurationPlatforms) = postSolution
		{69DB0061-FF1C-4154-A74D-03D5F3A0B068}.Debug|Any CPU.ActiveCfg = Debug|Any CPU
		{69DB0061-FF1C-4154-A74D-03D5F3A0B068}.Debug|Any CPU.Build.0 = Debug|Any CPU
		{69DB0061-FF1C-4154-A74D-03D5F3A0B068}.Release|Any CPU.ActiveCfg = Release|Any CPU
		{69DB0061-FF1C-4154-A74D-03D5F3A0B068}.Release|Any CPU.Build.0 = Release|Any CPU
	EndGlobalSection
	GlobalSection(SolutionProperties) = preSolution
		HideSolutionNode = FALSE
	EndGlobalSection
	GlobalSection(ExtensibilityGlobals) = postSolution
		SolutionGuid = {5C89B16B-AD72-45EF-96AE-A7E7BCB5DEE7}
	EndGlobalSection
EndGlobal
